
Microsoft Visual Studio Solution File, Format Version 12.00
# Visual Studio Version 16
VisualStudioVersion = 16.0.31105.61
MinimumVisualStudioVersion = 10.0.40219.1
Project("{FAE04EC0-301F-11D3-BF4B-00C04F79EFBC}") = "MyCoreConsoleLogApp", "MyCoreConsoleLogApp\MyCoreConsoleLogApp.csproj", "{B84F56A7-9E16-4733-8B18-A4495EECD228}"
EndProject
Global
	GlobalSection(SolutionConfigurationPlatforms) = preSolution
		Debug|Any CPU = Debug|Any CPU
		Release|Any CPU = Release|Any CPU
	EndGlobalSection
	GlobalSection(ProjectConfigurationPlatforms) = postSolution
		{B84F56A7-9E16-4733-8B18-A4495EECD228}.Debug|Any CPU.ActiveCfg = Debug|Any CPU
		{B84F56A7-9E16-4733-8B18-A4495EECD228}.Debug|Any CPU.Build.0 = Debug|Any CPU
		{B84F56A7-9E16-4733-8B18-A4495EECD228}.Release|Any CPU.ActiveCfg = Release|Any CPU
		{B84F56A7-9E16-4733-8B18-A4495EECD228}.Release|Any CPU.Build.0 = Release|Any CPU
	EndGlobalSection
	GlobalSection(SolutionProperties) = preSolution
		HideSolutionNode = FALSE
	EndGlobalSection
	GlobalSection(ExtensibilityGlobals) = postSolution
		SolutionGuid = {56740184-DF3F-403A-AC66-459CB69D7D6A}
	EndGlobalSection
EndGlobal
